
Microsoft Visual Studio Solution File, Format Version 12.00
Project("{FAE04EC0-301F-11D3-BF4B-00C04F79EFBC}") = "TVR.Bundesliga.API", "TVR.Bundesliga.API\TVR.Bundesliga.API.csproj", "{3367F9C0-6131-400A-AEC3-4F7B8B380EBC}"
EndProject
Project("{FAE04EC0-301F-11D3-BF4B-00C04F79EFBC}") = "TVR.Bundesliga.API.Core", "TVR.Bundesliga.API.Core\TVR.Bundesliga.API.Core.csproj", "{5A1AA63F-0BCB-4E3B-9B9A-7F6AA42195EE}"
EndProject
Project("{FAE04EC0-301F-11D3-BF4B-00C04F79EFBC}") = "TVR.Bundesliga.API.Infrastructure", "TVR.Bundesliga.API.Infrastructure\TVR.Bundesliga.API.Infrastructure.csproj", "{06FCCFE5-BE59-4B65-8D48-6B90B3A2E17F}"
EndProject
Project("{FAE04EC0-301F-11D3-BF4B-00C04F79EFBC}") = "TVR.Bundesliga.API.Domain", "TVR.Bundesliga.API.Domain\TVR.Bundesliga.API.Domain.csproj", "{9EB4DBF9-62EF-4CDE-89E9-A62FCE5234B2}"
EndProject
Project("{FAE04EC0-301F-11D3-BF4B-00C04F79EFBC}") = "TVR.Bundesliga.API.Contracts", "TVR.Bundesliga.API.Contracts\TVR.Bundesliga.API.Contracts.csproj", "{D199063D-F64C-405F-BC6E-F1E7FFBA95C7}"
EndProject
Project("{2150E333-8FDC-42A3-9474-1A3956D46DE8}") = "src", "src", "{42E7BF0B-03E8-4A0A-80E2-C634A5CEC1C3}"
EndProject
Global
	GlobalSection(SolutionConfigurationPlatforms) = preSolution
		Debug|Any CPU = Debug|Any CPU
		Release|Any CPU = Release|Any CPU
	EndGlobalSection
	GlobalSection(ProjectConfigurationPlatforms) = postSolution
		{3367F9C0-6131-400A-AEC3-4F7B8B380EBC}.Debug|Any CPU.ActiveCfg = Debug|Any CPU
		{3367F9C0-6131-400A-AEC3-4F7B8B380EBC}.Debug|Any CPU.Build.0 = Debug|Any CPU
		{3367F9C0-6131-400A-AEC3-4F7B8B380EBC}.Release|Any CPU.ActiveCfg = Release|Any CPU
		{3367F9C0-6131-400A-AEC3-4F7B8B380EBC}.Release|Any CPU.Build.0 = Release|Any CPU
		{5A1AA63F-0BCB-4E3B-9B9A-7F6AA42195EE}.Debug|Any CPU.ActiveCfg = Debug|Any CPU
		{5A1AA63F-0BCB-4E3B-9B9A-7F6AA42195EE}.Debug|Any CPU.Build.0 = Debug|Any CPU
		{5A1AA63F-0BCB-4E3B-9B9A-7F6AA42195EE}.Release|Any CPU.ActiveCfg = Release|Any CPU
		{5A1AA63F-0BCB-4E3B-9B9A-7F6AA42195EE}.Release|Any CPU.Build.0 = Release|Any CPU
		{06FCCFE5-BE59-4B65-8D48-6B90B3A2E17F}.Debug|Any CPU.ActiveCfg = Debug|Any CPU
		{06FCCFE5-BE59-4B65-8D48-6B90B3A2E17F}.Debug|Any CPU.Build.0 = Debug|Any CPU
		{06FCCFE5-BE59-4B65-8D48-6B90B3A2E17F}.Release|Any CPU.ActiveCfg = Release|Any CPU
		{06FCCFE5-BE59-4B65-8D48-6B90B3A2E17F}.Release|Any CPU.Build.0 = Release|Any CPU
		{9EB4DBF9-62EF-4CDE-89E9-A62FCE5234B2}.Debug|Any CPU.ActiveCfg = Debug|Any CPU
		{9EB4DBF9-62EF-4CDE-89E9-A62FCE5234B2}.Debug|Any CPU.Build.0 = Debug|Any CPU
		{9EB4DBF9-62EF-4CDE-89E9-A62FCE5234B2}.Release|Any CPU.ActiveCfg = Release|Any CPU
		{9EB4DBF9-62EF-4CDE-89E9-A62FCE5234B2}.Release|Any CPU.Build.0 = Release|Any CPU
		{D199063D-F64C-405F-BC6E-F1E7FFBA95C7}.Debug|Any CPU.ActiveCfg = Debug|Any CPU
		{D199063D-F64C-405F-BC6E-F1E7FFBA95C7}.Debug|Any CPU.Build.0 = Debug|Any CPU
		{D199063D-F64C-405F-BC6E-F1E7FFBA95C7}.Release|Any CPU.ActiveCfg = Release|Any CPU
		{D199063D-F64C-405F-BC6E-F1E7FFBA95C7}.Release|Any CPU.Build.0 = Release|Any CPU
	EndGlobalSection
	GlobalSection(NestedProjects) = preSolution
		{3367F9C0-6131-400A-AEC3-4F7B8B380EBC} = {42E7BF0B-03E8-4A0A-80E2-C634A5CEC1C3}
		{D199063D-F64C-405F-BC6E-F1E7FFBA95C7} = {42E7BF0B-03E8-4A0A-80E2-C634A5CEC1C3}
		{5A1AA63F-0BCB-4E3B-9B9A-7F6AA42195EE} = {42E7BF0B-03E8-4A0A-80E2-C634A5CEC1C3}
		{9EB4DBF9-62EF-4CDE-89E9-A62FCE5234B2} = {42E7BF0B-03E8-4A0A-80E2-C634A5CEC1C3}
		{06FCCFE5-BE59-4B65-8D48-6B90B3A2E17F} = {42E7BF0B-03E8-4A0A-80E2-C634A5CEC1C3}
	EndGlobalSection
EndGlobal
